
Microsoft Visual Studio Solution File, Format Version 10.00
# Visual Studio 2008
Project("{8BC9CEB8-8B4A-11D0-8D11-00A0C91BC942}") = "洪毛毛信息管理", "洪毛毛信息管理\洪毛毛信息管理.vcproj", "{D4DD9E10-8DEF-4ADC-B1B4-7B559EE8C1CC}"
EndProject
Global
	GlobalSection(SolutionConfigurationPlatforms) = preSolution
		Debug|Win32 = Debug|Win32
		Release|Win32 = Release|Win32
	EndGlobalSection
	GlobalSection(ProjectConfigurationPlatforms) = postSolution
		{D4DD9E10-8DEF-4ADC-B1B4-7B559EE8C1CC}.Debug|Win32.ActiveCfg = Debug|Win32
		{D4DD9E10-8DEF-4ADC-B1B4-7B559EE8C1CC}.Debug|Win32.Build.0 = Debug|Win32
		{D4DD9E10-8DEF-4ADC-B1B4-7B559EE8C1CC}.Release|Win32.ActiveCfg = Release|Win32
		{D4DD9E10-8DEF-4ADC-B1B4-7B559EE8C1CC}.Release|Win32.Build.0 = Release|Win32
	EndGlobalSection
	GlobalSection(SolutionProperties) = preSolution
		HideSolutionNode = FALSE
	EndGlobalSection
EndGlobal
